// !$*UTF8*$!
{
	archiveVersion = 1;
	classes = {
	};
	objectVersion = 50;
	objects = {

/* Begin PBXBuildFile section */
		10195EFA28A92EC8000A4F47 /* AppDelegate.swift in Sources */ = {isa = PBXBuildFile; fileRef = 10195EF928A92EC8000A4F47 /* AppDelegate.swift */; };
		10195EFC28A92EC8000A4F47 /* SceneDelegate.swift in Sources */ = {isa = PBXBuildFile; fileRef = 10195EFB28A92EC8000A4F47 /* SceneDelegate.swift */; };
		10195EFE28A92EC8000A4F47 /* MainTabBerController.swift in Sources */ = {isa = PBXBuildFile; fileRef = 10195EFD28A92EC8000A4F47 /* MainTabBerController.swift */; };
		10195F0128A92EC8000A4F47 /* Main.storyboard in Resources */ = {isa = PBXBuildFile; fileRef = 10195EFF28A92EC8000A4F47 /* Main.storyboard */; };
		10195F0328A92ECC000A4F47 /* Assets.xcassets in Resources */ = {isa = PBXBuildFile; fileRef = 10195F0228A92ECC000A4F47 /* Assets.xcassets */; };
		10195F0628A92ECC000A4F47 /* LaunchScreen.storyboard in Resources */ = {isa = PBXBuildFile; fileRef = 10195F0428A92ECC000A4F47 /* LaunchScreen.storyboard */; };
		10195F1128A92ECC000A4F47 /* starbucksTests.swift in Sources */ = {isa = PBXBuildFile; fileRef = 10195F1028A92ECC000A4F47 /* starbucksTests.swift */; };
		10195F1C28A92ECD000A4F47 /* starbucksUITests.swift in Sources */ = {isa = PBXBuildFile; fileRef = 10195F1B28A92ECD000A4F47 /* starbucksUITests.swift */; };
		101DE77C28AE958700D99760 /* Popup.storyboard in Resources */ = {isa = PBXBuildFile; fileRef = 101DE77B28AE958700D99760 /* Popup.storyboard */; };
		101DE78F28AF410C00D99760 /* popUP.swift in Sources */ = {isa = PBXBuildFile; fileRef = 101DE78E28AF410C00D99760 /* popUP.swift */; };
		101DE79728AF692000D99760 /* Home.swift in Sources */ = {isa = PBXBuildFile; fileRef = 101DE79628AF692000D99760 /* Home.swift */; };
		101DE79F28AF6F8200D99760 /* Extension_UIView.swift in Sources */ = {isa = PBXBuildFile; fileRef = 101DE79E28AF6F8200D99760 /* Extension_UIView.swift */; };
		1025692728AF842A008F0C57 /* pay.swift in Sources */ = {isa = PBXBuildFile; fileRef = 1025692628AF842A008F0C57 /* pay.swift */; };
		1025692C28AF8C8B008F0C57 /* gift.swift in Sources */ = {isa = PBXBuildFile; fileRef = 1025692B28AF8C8B008F0C57 /* gift.swift */; };
		1025693F28AFCA24008F0C57 /* loginViewController.swift in Sources */ = {isa = PBXBuildFile; fileRef = 1025693E28AFCA24008F0C57 /* loginViewController.swift */; };
/* End PBXBuildFile section */

/* Begin PBXContainerItemProxy section */
		10195F0D28A92ECC000A4F47 /* PBXContainerItemProxy */ = {
			isa = PBXContainerItemProxy;
			containerPortal = 10195EEE28A92EC8000A4F47 /* Project object */;
			proxyType = 1;
			remoteGlobalIDString = 10195EF528A92EC8000A4F47;
			remoteInfo = starbucks;
		};
		10195F1828A92ECD000A4F47 /* PBXContainerItemProxy */ = {
			isa = PBXContainerItemProxy;
			containerPortal = 10195EEE28A92EC8000A4F47 /* Project object */;
			proxyType = 1;
			remoteGlobalIDString = 10195EF528A92EC8000A4F47;
			remoteInfo = starbucks;
		};
/* End PBXContainerItemProxy section */

/* Begin PBXFileReference section */
		10195EF628A92EC8000A4F47 /* starbucks.app */ = {isa = PBXFileReference; explicitFileType = wrapper.application; includeInIndex = 0; path = starbucks.app; sourceTree = BUILT_PRODUCTS_DIR; };
		10195EF928A92EC8000A4F47 /* AppDelegate.swift */ = {isa = PBXFileReference; lastKnownFileType = sourcecode.swift; path = AppDelegate.swift; sourceTree = "<group>"; };
		10195EFB28A92EC8000A4F47 /* SceneDelegate.swift */ = {isa = PBXFileReference; lastKnownFileType = sourcecode.swift; path = SceneDelegate.swift; sourceTree = "<group>"; };
		10195EFD28A92EC8000A4F47 /* MainTabBerController.swift */ = {isa = PBXFileReference; lastKnownFileType = sourcecode.swift; path = MainTabBerController.swift; sourceTree = "<group>"; };
		10195F0028A92EC8000A4F47 /* Base */ = {isa = PBXFileReference; lastKnownFileType = file.storyboard; name = Base; path = Base.lproj/Main.storyboard; sourceTree = "<group>"; };
		10195F0228A92ECC000A4F47 /* Assets.xcassets */ = {isa = PBXFileReference; lastKnownFileType = folder.assetcatalog; path = Assets.xcassets; sourceTree = "<group>"; };
		10195F0528A92ECC000A4F47 /* Base */ = {isa = PBXFileReference; lastKnownFileType = file.storyboard; name = Base; path = Base.lproj/LaunchScreen.storyboard; sourceTree = "<group>"; };
		10195F0728A92ECC000A4F47 /* Info.plist */ = {isa = PBXFileReference; lastKnownFileType = text.plist.xml; path = Info.plist; sourceTree = "<group>"; };
		10195F0C28A92ECC000A4F47 /* starbucksTests.xctest */ = {isa = PBXFileReference; explicitFileType = wrapper.cfbundle; includeInIndex = 0; path = starbucksTests.xctest; sourceTree = BUILT_PRODUCTS_DIR; };
		10195F1028A92ECC000A4F47 /* starbucksTests.swift */ = {isa = PBXFileReference; lastKnownFileType = sourcecode.swift; path = starbucksTests.swift; sourceTree = "<group>"; };
		10195F1228A92ECC000A4F47 /* Info.plist */ = {isa = PBXFileReference; lastKnownFileType = text.plist.xml; path = Info.plist; sourceTree = "<group>"; };
		10195F1728A92ECD000A4F47 /* starbucksUITests.xctest */ = {isa = PBXFileReference; explicitFileType = wrapper.cfbundle; includeInIndex = 0; path = starbucksUITests.xctest; sourceTree = BUILT_PRODUCTS_DIR; };
		10195F1B28A92ECD000A4F47 /* starbucksUITests.swift */ = {isa = PBXFileReference; lastKnownFileType = sourcecode.swift; path = starbucksUITests.swift; sourceTree = "<group>"; };
		10195F1D28A92ECD000A4F47 /* Info.plist */ = {isa = PBXFileReference; lastKnownFileType = text.plist.xml; path = Info.plist; sourceTree = "<group>"; };
		101DE77B28AE958700D99760 /* Popup.storyboard */ = {isa = PBXFileReference; lastKnownFileType = file.storyboard; path = Popup.storyboard; sourceTree = "<group>"; };
		101DE78E28AF410C00D99760 /* popUP.swift */ = {isa = PBXFileReference; lastKnownFileType = sourcecode.swift; path = popUP.swift; sourceTree = "<group>"; };
		101DE79628AF692000D99760 /* Home.swift */ = {isa = PBXFileReference; lastKnownFileType = sourcecode.swift; path = Home.swift; sourceTree = "<group>"; };
		101DE79E28AF6F8200D99760 /* Extension_UIView.swift */ = {isa = PBXFileReference; lastKnownFileType = sourcecode.swift; path = Extension_UIView.swift; sourceTree = "<group>"; };
		1025692628AF842A008F0C57 /* pay.swift */ = {isa = PBXFileReference; lastKnownFileType = sourcecode.swift; path = pay.swift; sourceTree = "<group>"; };
		1025692B28AF8C8B008F0C57 /* gift.swift */ = {isa = PBXFileReference; lastKnownFileType = sourcecode.swift; path = gift.swift; sourceTree = "<group>"; };
		1025693E28AFCA24008F0C57 /* loginViewController.swift */ = {isa = PBXFileReference; lastKnownFileType = sourcecode.swift; path = loginViewController.swift; sourceTree = "<group>"; };
/* End PBXFileReference section */

/* Begin PBXFrameworksBuildPhase section */
		10195EF328A92EC8000A4F47 /* Frameworks */ = {
			isa = PBXFrameworksBuildPhase;
			buildActionMask = 2147483647;
			files = (
			);
			runOnlyForDeploymentPostprocessing = 0;
		};
		10195F0928A92ECC000A4F47 /* Frameworks */ = {
			isa = PBXFrameworksBuildPhase;
			buildActionMask = 2147483647;
			files = (
			);
			runOnlyForDeploymentPostprocessing = 0;
		};
		10195F1428A92ECD000A4F47 /* Frameworks */ = {
			isa = PBXFrameworksBuildPhase;
			buildActionMask = 2147483647;
			files = (
			);
			runOnlyForDeploymentPostprocessing = 0;
		};
/* End PBXFrameworksBuildPhase section */

/* Begin PBXGroup section */
		10195EED28A92EC8000A4F47 = {
			isa = PBXGroup;
			children = (
				10195EF828A92EC8000A4F47 /* starbucks */,
				10195F0F28A92ECC000A4F47 /* starbucksTests */,
				10195F1A28A92ECD000A4F47 /* starbucksUITests */,
				10195EF728A92EC8000A4F47 /* Products */,
			);
			sourceTree = "<group>";
		};
		10195EF728A92EC8000A4F47 /* Products */ = {
			isa = PBXGroup;
			children = (
				10195EF628A92EC8000A4F47 /* starbucks.app */,
				10195F0C28A92ECC000A4F47 /* starbucksTests.xctest */,
				10195F1728A92ECD000A4F47 /* starbucksUITests.xctest */,
			);
			name = Products;
			sourceTree = "<group>";
		};
		10195EF828A92EC8000A4F47 /* starbucks */ = {
			isa = PBXGroup;
			children = (
				10195EF928A92EC8000A4F47 /* AppDelegate.swift */,
				10195EFB28A92EC8000A4F47 /* SceneDelegate.swift */,
				10195EFD28A92EC8000A4F47 /* MainTabBerController.swift */,
				10195EFF28A92EC8000A4F47 /* Main.storyboard */,
				1025693E28AFCA24008F0C57 /* loginViewController.swift */,
				1025692B28AF8C8B008F0C57 /* gift.swift */,
				1025692628AF842A008F0C57 /* pay.swift */,
				101DE79E28AF6F8200D99760 /* Extension_UIView.swift */,
				10195F0228A92ECC000A4F47 /* Assets.xcassets */,
				10195F0428A92ECC000A4F47 /* LaunchScreen.storyboard */,
				10195F0728A92ECC000A4F47 /* Info.plist */,
				101DE77B28AE958700D99760 /* Popup.storyboard */,
				101DE78E28AF410C00D99760 /* popUP.swift */,
				101DE79628AF692000D99760 /* Home.swift */,
			);
			path = starbucks;
			sourceTree = "<group>";
		};
		10195F0F28A92ECC000A4F47 /* starbucksTests */ = {
			isa = PBXGroup;
			children = (
				10195F1028A92ECC000A4F47 /* starbucksTests.swift */,
				10195F1228A92ECC000A4F47 /* Info.plist */,
			);
			path = starbucksTests;
			sourceTree = "<group>";
		};
		10195F1A28A92ECD000A4F47 /* starbucksUITests */ = {
			isa = PBXGroup;
			children = (
				10195F1B28A92ECD000A4F47 /* starbucksUITests.swift */,
				10195F1D28A92ECD000A4F47 /* Info.plist */,
			);
			path = starbucksUITests;
			sourceTree = "<group>";
		};
/* End PBXGroup section */

/* Begin PBXNativeTarget section */
		10195EF528A92EC8000A4F47 /* starbucks */ = {
			isa = PBXNativeTarget;
			buildConfigurationList = 10195F2028A92ECD000A4F47 /* Build configuration list for PBXNativeTarget "starbucks" */;
			buildPhases = (
				10195EF228A92EC8000A4F47 /* Sources */,
				10195EF328A92EC8000A4F47 /* Frameworks */,
				10195EF428A92EC8000A4F47 /* Resources */,
			);
			buildRules = (
			);
			dependencies = (
			);
			name = starbucks;
			productName = starbucks;
			productReference = 10195EF628A92EC8000A4F47 /* starbucks.app */;
			productType = "com.apple.product-type.application";
		};
		10195F0B28A92ECC000A4F47 /* starbucksTests */ = {
			isa = PBXNativeTarget;
			buildConfigurationList = 10195F2328A92ECD000A4F47 /* Build configuration list for PBXNativeTarget "starbucksTests" */;
			buildPhases = (
				10195F0828A92ECC000A4F47 /* Sources */,
				10195F0928A92ECC000A4F47 /* Frameworks */,
				10195F0A28A92ECC000A4F47 /* Resources */,
			);
			buildRules = (
			);
			dependencies = (
				10195F0E28A92ECC000A4F47 /* PBXTargetDependency */,
			);
			name = starbucksTests;
			productName = starbucksTests;
			productReference = 10195F0C28A92ECC000A4F47 /* starbucksTests.xctest */;
			productType = "com.apple.product-type.bundle.unit-test";
		};
		10195F1628A92ECD000A4F47 /* starbucksUITests */ = {
			isa = PBXNativeTarget;
			buildConfigurationList = 10195F2628A92ECD000A4F47 /* Build configuration list for PBXNativeTarget "starbucksUITests" */;
			buildPhases = (
				10195F1328A92ECD000A4F47 /* Sources */,
				10195F1428A92ECD000A4F47 /* Frameworks */,
				10195F1528A92ECD000A4F47 /* Resources */,
			);
			buildRules = (
			);
			dependencies = (
				10195F1928A92ECD000A4F47 /* PBXTargetDependency */,
			);
			name = starbucksUITests;
			productName = starbucksUITests;
			productReference = 10195F1728A92ECD000A4F47 /* starbucksUITests.xctest */;
			productType = "com.apple.product-type.bundle.ui-testing";
		};
/* End PBXNativeTarget section */

/* Begin PBXProject section */
		10195EEE28A92EC8000A4F47 /* Project object */ = {
			isa = PBXProject;
			attributes = {
				LastSwiftUpdateCheck = 1240;
				LastUpgradeCheck = 1240;
				TargetAttributes = {
					10195EF528A92EC8000A4F47 = {
						CreatedOnToolsVersion = 12.4;
					};
					10195F0B28A92ECC000A4F47 = {
						CreatedOnToolsVersion = 12.4;
						TestTargetID = 10195EF528A92EC8000A4F47;
					};
					10195F1628A92ECD000A4F47 = {
						CreatedOnToolsVersion = 12.4;
						TestTargetID = 10195EF528A92EC8000A4F47;
					};
				};
			};
			buildConfigurationList = 10195EF128A92EC8000A4F47 /* Build configuration list for PBXProject "starbucks" */;
			compatibilityVersion = "Xcode 9.3";
			developmentRegion = en;
			hasScannedForEncodings = 0;
			knownRegions = (
				en,
				Base,
			);
			mainGroup = 10195EED28A92EC8000A4F47;
			productRefGroup = 10195EF728A92EC8000A4F47 /* Products */;
			projectDirPath = "";
			projectRoot = "";
			targets = (
				10195EF528A92EC8000A4F47 /* starbucks */,
				10195F0B28A92ECC000A4F47 /* starbucksTests */,
				10195F1628A92ECD000A4F47 /* starbucksUITests */,
			);
		};
/* End PBXProject section */

/* Begin PBXResourcesBuildPhase section */
		10195EF428A92EC8000A4F47 /* Resources */ = {
			isa = PBXResourcesBuildPhase;
			buildActionMask = 2147483647;
			files = (
				10195F0628A92ECC000A4F47 /* LaunchScreen.storyboard in Resources */,
				101DE77C28AE958700D99760 /* Popup.storyboard in Resources */,
				10195F0328A92ECC000A4F47 /* Assets.xcassets in Resources */,
				10195F0128A92EC8000A4F47 /* Main.storyboard in Resources */,
			);
			runOnlyForDeploymentPostprocessing = 0;
		};
		10195F0A28A92ECC000A4F47 /* Resources */ = {
			isa = PBXResourcesBuildPhase;
			buildActionMask = 2147483647;
			files = (
			);
			runOnlyForDeploymentPostprocessing = 0;
		};
		10195F1528A92ECD000A4F47 /* Resources */ = {
			isa = PBXResourcesBuildPhase;
			buildActionMask = 2147483647;
			files = (
			);
			runOnlyForDeploymentPostprocessing = 0;
		};
/* End PBXResourcesBuildPhase section */

/* Begin PBXSourcesBuildPhase section */
		10195EF228A92EC8000A4F47 /* Sources */ = {
			isa = PBXSourcesBuildPhase;
			buildActionMask = 2147483647;
			files = (
				101DE78F28AF410C00D99760 /* popUP.swift in Sources */,
				10195EFE28A92EC8000A4F47 /* MainTabBerController.swift in Sources */,
				101DE79F28AF6F8200D99760 /* Extension_UIView.swift in Sources */,
				10195EFA28A92EC8000A4F47 /* AppDelegate.swift in Sources */,
				101DE79728AF692000D99760 /* Home.swift in Sources */,
				10195EFC28A92EC8000A4F47 /* SceneDelegate.swift in Sources */,
				1025692728AF842A008F0C57 /* pay.swift in Sources */,
				1025692C28AF8C8B008F0C57 /* gift.swift in Sources */,
				1025693F28AFCA24008F0C57 /* loginViewController.swift in Sources */,
			);
			runOnlyForDeploymentPostprocessing = 0;
		};
		10195F0828A92ECC000A4F47 /* Sources */ = {
			isa = PBXSourcesBuildPhase;
			buildActionMask = 2147483647;
			files = (
				10195F1128A92ECC000A4F47 /* starbucksTests.swift in Sources */,
			);
			runOnlyForDeploymentPostprocessing = 0;
		};
		10195F1328A92ECD000A4F47 /* Sources */ = {
			isa = PBXSourcesBuildPhase;
			buildActionMask = 2147483647;
			files = (
				10195F1C28A92ECD000A4F47 /* starbucksUITests.swift in Sources */,
			);
			runOnlyForDeploymentPostprocessing = 0;
		};
/* End PBXSourcesBuildPhase section */

/* Begin PBXTargetDependency section */
		10195F0E28A92ECC000A4F47 /* PBXTargetDependency */ = {
			isa = PBXTargetDependency;
			target = 10195EF528A92EC8000A4F47 /* starbucks */;
			targetProxy = 10195F0D28A92ECC000A4F47 /* PBXContainerItemProxy */;
		};
		10195F1928A92ECD000A4F47 /* PBXTargetDependency */ = {
			isa = PBXTargetDependency;
			target = 10195EF528A92EC8000A4F47 /* starbucks */;
			targetProxy = 10195F1828A92ECD000A4F47 /* PBXContainerItemProxy */;
		};
/* End PBXTargetDependency section */

/* Begin PBXVariantGroup section */
		10195EFF28A92EC8000A4F47 /* Main.storyboard */ = {
			isa = PBXVariantGroup;
			children = (
				10195F0028A92EC8000A4F47 /* Base */,
			);
			name = Main.storyboard;
			sourceTree = "<group>";
		};
		10195F0428A92ECC000A4F47 /* LaunchScreen.storyboard */ = {
			isa = PBXVariantGroup;
			children = (
				10195F0528A92ECC000A4F47 /* Base */,
			);
			name = LaunchScreen.storyboard;
			sourceTree = "<group>";
		};
/* End PBXVariantGroup section */

/* Begin XCBuildConfiguration section */
		10195F1E28A92ECD000A4F47 /* Debug */ = {
			isa = XCBuildConfiguration;
			buildSettings = {
				ALWAYS_SEARCH_USER_PATHS = NO;
				CLANG_ANALYZER_NONNULL = YES;
				CLANG_ANALYZER_NUMBER_OBJECT_CONVERSION = YES_AGGRESSIVE;
				CLANG_CXX_LANGUAGE_STANDARD = "gnu++14";
				CLANG_CXX_LIBRARY = "libc++";
				CLANG_ENABLE_MODULES = YES;
				CLANG_ENABLE_OBJC_ARC = YES;
				CLANG_ENABLE_OBJC_WEAK = YES;
				CLANG_WARN_BLOCK_CAPTURE_AUTORELEASING = YES;
				CLANG_WARN_BOOL_CONVERSION = YES;
				CLANG_WARN_COMMA = YES;
				CLANG_WARN_CONSTANT_CONVERSION = YES;
				CLANG_WARN_DEPRECATED_OBJC_IMPLEMENTATIONS = YES;
				CLANG_WARN_DIRECT_OBJC_ISA_USAGE = YES_ERROR;
				CLANG_WARN_DOCUMENTATION_COMMENTS = YES;
				CLANG_WARN_EMPTY_BODY = YES;
				CLANG_WARN_ENUM_CONVERSION = YES;
				CLANG_WARN_INFINITE_RECURSION = YES;
				CLANG_WARN_INT_CONVERSION = YES;
				CLANG_WARN_NON_LITERAL_NULL_CONVERSION = YES;
				CLANG_WARN_OBJC_IMPLICIT_RETAIN_SELF = YES;
				CLANG_WARN_OBJC_LITERAL_CONVERSION = YES;
				CLANG_WARN_OBJC_ROOT_CLASS = YES_ERROR;
				CLANG_WARN_QUOTED_INCLUDE_IN_FRAMEWORK_HEADER = YES;
				CLANG_WARN_RANGE_LOOP_ANALYSIS = YES;
				CLANG_WARN_STRICT_PROTOTYPES = YES;
				CLANG_WARN_SUSPICIOUS_MOVE = YES;
				CLANG_WARN_UNGUARDED_AVAILABILITY = YES_AGGRESSIVE;
				CLANG_WARN_UNREACHABLE_CODE = YES;
				CLANG_WARN__DUPLICATE_METHOD_MATCH = YES;
				COPY_PHASE_STRIP = NO;
				DEBUG_INFORMATION_FORMAT = dwarf;
				ENABLE_STRICT_OBJC_MSGSEND = YES;
				ENABLE_TESTABILITY = YES;
				GCC_C_LANGUAGE_STANDARD = gnu11;
				GCC_DYNAMIC_NO_PIC = NO;
				GCC_NO_COMMON_BLOCKS = YES;
				GCC_OPTIMIZATION_LEVEL = 0;
				GCC_PREPROCESSOR_DEFINITIONS = (
					"DEBUG=1",
					"$(inherited)",
				);
				GCC_WARN_64_TO_32_BIT_CONVERSION = YES;
				GCC_WARN_ABOUT_RETURN_TYPE = YES_ERROR;
				GCC_WARN_UNDECLARED_SELECTOR = YES;
				GCC_WARN_UNINITIALIZED_AUTOS = YES_AGGRESSIVE;
				GCC_WARN_UNUSED_FUNCTION = YES;
				GCC_WARN_UNUSED_VARIABLE = YES;
				IPHONEOS_DEPLOYMENT_TARGET = 14.4;
				MTL_ENABLE_DEBUG_INFO = INCLUDE_SOURCE;
				MTL_FAST_MATH = YES;
				ONLY_ACTIVE_ARCH = YES;
				SDKROOT = iphoneos;
				SWIFT_ACTIVE_COMPILATION_CONDITIONS = DEBUG;
				SWIFT_OPTIMIZATION_LEVEL = "-Onone";
			};
			name = Debug;
		};
		10195F1F28A92ECD000A4F47 /* Release */ = {
			isa = XCBuildConfiguration;
			buildSettings = {
				ALWAYS_SEARCH_USER_PATHS = NO;
				CLANG_ANALYZER_NONNULL = YES;
				CLANG_ANALYZER_NUMBER_OBJECT_CONVERSION = YES_AGGRESSIVE;
				CLANG_CXX_LANGUAGE_STANDARD = "gnu++14";
				CLANG_CXX_LIBRARY = "libc++";
				CLANG_ENABLE_MODULES = YES;
				CLANG_ENABLE_OBJC_ARC = YES;
				CLANG_ENABLE_OBJC_WEAK = YES;
				CLANG_WARN_BLOCK_CAPTURE_AUTORELEASING = YES;
				CLANG_WARN_BOOL_CONVERSION = YES;
				CLANG_WARN_COMMA = YES;
				CLANG_WARN_CONSTANT_CONVERSION = YES;
				CLANG_WARN_DEPRECATED_OBJC_IMPLEMENTATIONS = YES;
				CLANG_WARN_DIRECT_OBJC_ISA_USAGE = YES_ERROR;
				CLANG_WARN_DOCUMENTATION_COMMENTS = YES;
				CLANG_WARN_EMPTY_BODY = YES;
				CLANG_WARN_ENUM_CONVERSION = YES;
				CLANG_WARN_INFINITE_RECURSION = YES;
				CLANG_WARN_INT_CONVERSION = YES;
				CLANG_WARN_NON_LITERAL_NULL_CONVERSION = YES;
				CLANG_WARN_OBJC_IMPLICIT_RETAIN_SELF = YES;
				CLANG_WARN_OBJC_LITERAL_CONVERSION = YES;
				CLANG_WARN_OBJC_ROOT_CLASS = YES_ERROR;
				CLANG_WARN_QUOTED_INCLUDE_IN_FRAMEWORK_HEADER = YES;
				CLANG_WARN_RANGE_LOOP_ANALYSIS = YES;
				CLANG_WARN_STRICT_PROTOTYPES = YES;
				CLANG_WARN_SUSPICIOUS_MOVE = YES;
				CLANG_WARN_UNGUARDED_AVAILABILITY = YES_AGGRESSIVE;
				CLANG_WARN_UNREACHABLE_CODE = YES;
				CLANG_WARN__DUPLICATE_METHOD_MATCH = YES;
				COPY_PHASE_STRIP = NO;
				DEBUG_INFORMATION_FORMAT = "dwarf-with-dsym";
				ENABLE_NS_ASSERTIONS = NO;
				ENABLE_STRICT_OBJC_MSGSEND = YES;
				GCC_C_LANGUAGE_STANDARD = gnu11;
				GCC_NO_COMMON_BLOCKS = YES;
				GCC_WARN_64_TO_32_BIT_CONVERSION = YES;
				GCC_WARN_ABOUT_RETURN_TYPE = YES_ERROR;
				GCC_WARN_UNDECLARED_SELECTOR = YES;
				GCC_WARN_UNINITIALIZED_AUTOS = YES_AGGRESSIVE;
				GCC_WARN_UNUSED_FUNCTION = YES;
				GCC_WARN_UNUSED_VARIABLE = YES;
				IPHONEOS_DEPLOYMENT_TARGET = 14.4;
				MTL_ENABLE_DEBUG_INFO = NO;
				MTL_FAST_MATH = YES;
				SDKROOT = iphoneos;
				SWIFT_COMPILATION_MODE = wholemodule;
				SWIFT_OPTIMIZATION_LEVEL = "-O";
				VALIDATE_PRODUCT = YES;
			};
			name = Release;
		};
		10195F2128A92ECD000A4F47 /* Debug */ = {
			isa = XCBuildConfiguration;
			buildSettings = {
				ASSETCATALOG_COMPILER_APPICON_NAME = AppIcon;
				ASSETCATALOG_COMPILER_GLOBAL_ACCENT_COLOR_NAME = AccentColor;
				CODE_SIGN_STYLE = Automatic;
				INFOPLIST_FILE = starbucks/Info.plist;
				LD_RUNPATH_SEARCH_PATHS = (
					"$(inherited)",
					"@executable_path/Frameworks",
				);
				PRODUCT_BUNDLE_IDENTIFIER = com.starbucks;
				PRODUCT_NAME = "$(TARGET_NAME)";
				SWIFT_VERSION = 5.0;
				TARGETED_DEVICE_FAMILY = "1,2";
			};
			name = Debug;
		};
		10195F2228A92ECD000A4F47 /* Release */ = {
			isa = XCBuildConfiguration;
			buildSettings = {
				ASSETCATALOG_COMPILER_APPICON_NAME = AppIcon;
				ASSETCATALOG_COMPILER_GLOBAL_ACCENT_COLOR_NAME = AccentColor;
				CODE_SIGN_STYLE = Automatic;
				INFOPLIST_FILE = starbucks/Info.plist;
				LD_RUNPATH_SEARCH_PATHS = (
					"$(inherited)",
					"@executable_path/Frameworks",
				);
				PRODUCT_BUNDLE_IDENTIFIER = com.starbucks;
				PRODUCT_NAME = "$(TARGET_NAME)";
				SWIFT_VERSION = 5.0;
				TARGETED_DEVICE_FAMILY = "1,2";
			};
			name = Release;
		};
		10195F2428A92ECD000A4F47 /* Debug */ = {
			isa = XCBuildConfiguration;
			buildSettings = {
				ALWAYS_EMBED_SWIFT_STANDARD_LIBRARIES = YES;
				BUNDLE_LOADER = "$(TEST_HOST)";
				CODE_SIGN_STYLE = Automatic;
				INFOPLIST_FILE = starbucksTests/Info.plist;
				IPHONEOS_DEPLOYMENT_TARGET = 14.4;
				LD_RUNPATH_SEARCH_PATHS = (
					"$(inherited)",
					"@executable_path/Frameworks",
					"@loader_path/Frameworks",
				);
				PRODUCT_BUNDLE_IDENTIFIER = com.starbucksTests;
				PRODUCT_NAME = "$(TARGET_NAME)";
				SWIFT_VERSION = 5.0;
				TARGETED_DEVICE_FAMILY = "1,2";
				TEST_HOST = "$(BUILT_PRODUCTS_DIR)/starbucks.app/starbucks";
			};
			name = Debug;
		};
		10195F2528A92ECD000A4F47 /* Release */ = {
			isa = XCBuildConfiguration;
			buildSettings = {
				ALWAYS_EMBED_SWIFT_STANDARD_LIBRARIES = YES;
				BUNDLE_LOADER = "$(TEST_HOST)";
				CODE_SIGN_STYLE = Automatic;
				INFOPLIST_FILE = starbucksTests/Info.plist;
				IPHONEOS_DEPLOYMENT_TARGET = 14.4;
				LD_RUNPATH_SEARCH_PATHS = (
					"$(inherited)",
					"@executable_path/Frameworks",
					"@loader_path/Frameworks",
				);
				PRODUCT_BUNDLE_IDENTIFIER = com.starbucksTests;
				PRODUCT_NAME = "$(TARGET_NAME)";
				SWIFT_VERSION = 5.0;
				TARGETED_DEVICE_FAMILY = "1,2";
				TEST_HOST = "$(BUILT_PRODUCTS_DIR)/starbucks.app/starbucks";
			};
			name = Release;
		};
		10195F2728A92ECD000A4F47 /* Debug */ = {
			isa = XCBuildConfiguration;
			buildSettings = {
				ALWAYS_EMBED_SWIFT_STANDARD_LIBRARIES = YES;
				CODE_SIGN_STYLE = Automatic;
				INFOPLIST_FILE = starbucksUITests/Info.plist;
				LD_RUNPATH_SEARCH_PATHS = (
					"$(inherited)",
					"@executable_path/Frameworks",
					"@loader_path/Frameworks",
				);
				PRODUCT_BUNDLE_IDENTIFIER = com.starbucksUITests;
				PRODUCT_NAME = "$(TARGET_NAME)";
				SWIFT_VERSION = 5.0;
				TARGETED_DEVICE_FAMILY = "1,2";
				TEST_TARGET_NAME = starbucks;
			};
			name = Debug;
		};
		10195F2828A92ECD000A4F47 /* Release */ = {
			isa = XCBuildConfiguration;
			buildSettings = {
				ALWAYS_EMBED_SWIFT_STANDARD_LIBRARIES = YES;
				CODE_SIGN_STYLE = Automatic;
				INFOPLIST_FILE = starbucksUITests/Info.plist;
				LD_RUNPATH_SEARCH_PATHS = (
					"$(inherited)",
					"@executable_path/Frameworks",
					"@loader_path/Frameworks",
				);
				PRODUCT_BUNDLE_IDENTIFIER = com.starbucksUITests;
				PRODUCT_NAME = "$(TARGET_NAME)";
				SWIFT_VERSION = 5.0;
				TARGETED_DEVICE_FAMILY = "1,2";
				TEST_TARGET_NAME = starbucks;
			};
			name = Release;
		};
/* End XCBuildConfiguration section */

/* Begin XCConfigurationList section */
		10195EF128A92EC8000A4F47 /* Build configuration list for PBXProject "starbucks" */ = {
			isa = XCConfigurationList;
			buildConfigurations = (
				10195F1E28A92ECD000A4F47 /* Debug */,
				10195F1F28A92ECD000A4F47 /* Release */,
			);
			defaultConfigurationIsVisible = 0;
			defaultConfigurationName = Release;
		};
		10195F2028A92ECD000A4F47 /* Build configuration list for PBXNativeTarget "starbucks" */ = {
			isa = XCConfigurationList;
			buildConfigurations = (
				10195F2128A92ECD000A4F47 /* Debug */,
				10195F2228A92ECD000A4F47 /* Release */,
			);
			defaultConfigurationIsVisible = 0;
			defaultConfigurationName = Release;
		};
		10195F2328A92ECD000A4F47 /* Build configuration list for PBXNativeTarget "starbucksTests" */ = {
			isa = XCConfigurationList;
			buildConfigurations = (
				10195F2428A92ECD000A4F47 /* Debug */,
				10195F2528A92ECD000A4F47 /* Release */,
			);
			defaultConfigurationIsVisible = 0;
			defaultConfigurationName = Release;
		};
		10195F2628A92ECD000A4F47 /* Build configuration list for PBXNativeTarget "starbucksUITests" */ = {
			isa = XCConfigurationList;
			buildConfigurations = (
				10195F2728A92ECD000A4F47 /* Debug */,
				10195F2828A92ECD000A4F47 /* Release */,
			);
			defaultConfigurationIsVisible = 0;
			defaultConfigurationName = Release;
		};
/* End XCConfigurationList section */
	};
	rootObject = 10195EEE28A92EC8000A4F47 /* Project object */;
}
